
Microsoft Visual Studio Solution File, Format Version 12.00
# Visual Studio 15
VisualStudioVersion = 15.0.27130.2003
MinimumVisualStudioVersion = 10.0.40219.1
Project("{FAE04EC0-301F-11D3-BF4B-00C04F79EFBC}") = "XamagramTest.Android", "XamagramTest\XamagramTest.Android\XamagramTest.Android.csproj", "{A9637EBC-A65C-4C66-B7F4-24F6C64A1C37}"
EndProject
Project("{FAE04EC0-301F-11D3-BF4B-00C04F79EFBC}") = "XamagramTest.iOS", "XamagramTest\XamagramTest.iOS\XamagramTest.iOS.csproj", "{9256E4B5-5DEA-4F53-9AAC-967B4E55509B}"
EndProject
Project("{FAE04EC0-301F-11D3-BF4B-00C04F79EFBC}") = "XamagramTest.UWP", "XamagramTest\XamagramTest.UWP\XamagramTest.UWP.csproj", "{AC1B60C8-9DAB-4AD6-B2C9-E651082346A5}"
EndProject
Project("{D954291E-2A0B-460D-934E-DC6B0785DB48}") = "XamagramTest", "XamagramTest\XamagramTest\XamagramTest.shproj", "{C2700373-0469-4661-876B-60C052880952}"
EndProject
Global
	GlobalSection(SharedMSBuildProjectFiles) = preSolution
		XamagramTest\XamagramTest\XamagramTest.projitems*{9256e4b5-5dea-4f53-9aac-967b4e55509b}*SharedItemsImports = 4
		XamagramTest\XamagramTest\XamagramTest.projitems*{a9637ebc-a65c-4c66-b7f4-24f6c64a1c37}*SharedItemsImports = 4
		XamagramTest\XamagramTest\XamagramTest.projitems*{ac1b60c8-9dab-4ad6-b2c9-e651082346a5}*SharedItemsImports = 4
		XamagramTest\XamagramTest\XamagramTest.projitems*{c2700373-0469-4661-876b-60c052880952}*SharedItemsImports = 13
	EndGlobalSection
	GlobalSection(SolutionConfigurationPlatforms) = preSolution
		Ad-Hoc|Any CPU = Ad-Hoc|Any CPU
		Ad-Hoc|ARM = Ad-Hoc|ARM
		Ad-Hoc|iPhone = Ad-Hoc|iPhone
		Ad-Hoc|iPhoneSimulator = Ad-Hoc|iPhoneSimulator
		Ad-Hoc|x64 = Ad-Hoc|x64
		Ad-Hoc|x86 = Ad-Hoc|x86
		AppStore|Any CPU = AppStore|Any CPU
		AppStore|ARM = AppStore|ARM
		AppStore|iPhone = AppStore|iPhone
		AppStore|iPhoneSimulator = AppStore|iPhoneSimulator
		AppStore|x64 = AppStore|x64
		AppStore|x86 = AppStore|x86
		Debug|Any CPU = Debug|Any CPU
		Debug|ARM = Debug|ARM
		Debug|iPhone = Debug|iPhone
		Debug|iPhoneSimulator = Debug|iPhoneSimulator
		Debug|x64 = Debug|x64
		Debug|x86 = Debug|x86
		Release|Any CPU = Release|Any CPU
		Release|ARM = Release|ARM
		Release|iPhone = Release|iPhone
		Release|iPhoneSimulator = Release|iPhoneSimulator
		Release|x64 = Release|x64
		Release|x86 = Release|x86
	EndGlobalSection
	GlobalSection(ProjectConfigurationPlatforms) = postSolution
		{A9637EBC-A65C-4C66-B7F4-24F6C64A1C37}.Ad-Hoc|Any CPU.ActiveCfg = Release|Any CPU
		{A9637EBC-A65C-4C66-B7F4-24F6C64A1C37}.Ad-Hoc|Any CPU.Build.0 = Release|Any CPU
		{A9637EBC-A65C-4C66-B7F4-24F6C64A1C37}.Ad-Hoc|Any CPU.Deploy.0 = Release|Any CPU
		{A9637EBC-A65C-4C66-B7F4-24F6C64A1C37}.Ad-Hoc|ARM.ActiveCfg = Release|Any CPU
		{A9637EBC-A65C-4C66-B7F4-24F6C64A1C37}.Ad-Hoc|ARM.Build.0 = Release|Any CPU
		{A9637EBC-A65C-4C66-B7F4-24F6C64A1C37}.Ad-Hoc|ARM.Deploy.0 = Release|Any CPU
		{A9637EBC-A65C-4C66-B7F4-24F6C64A1C37}.Ad-Hoc|iPhone.ActiveCfg = Release|Any CPU
		{A9637EBC-A65C-4C66-B7F4-24F6C64A1C37}.Ad-Hoc|iPhone.Build.0 = Release|Any CPU
		{A9637EBC-A65C-4C66-B7F4-24F6C64A1C37}.Ad-Hoc|iPhone.Deploy.0 = Release|Any CPU
		{A9637EBC-A65C-4C66-B7F4-24F6C64A1C37}.Ad-Hoc|iPhoneSimulator.ActiveCfg = Release|Any CPU
		{A9637EBC-A65C-4C66-B7F4-24F6C64A1C37}.Ad-Hoc|iPhoneSimulator.Build.0 = Release|Any CPU
		{A9637EBC-A65C-4C66-B7F4-24F6C64A1C37}.Ad-Hoc|iPhoneSimulator.Deploy.0 = Release|Any CPU
		{A9637EBC-A65C-4C66-B7F4-24F6C64A1C37}.Ad-Hoc|x64.ActiveCfg = Release|Any CPU
		{A9637EBC-A65C-4C66-B7F4-24F6C64A1C37}.Ad-Hoc|x64.Build.0 = Release|Any CPU
		{A9637EBC-A65C-4C66-B7F4-24F6C64A1C37}.Ad-Hoc|x64.Deploy.0 = Release|Any CPU
		{A9637EBC-A65C-4C66-B7F4-24F6C64A1C37}.Ad-Hoc|x86.ActiveCfg = Release|Any CPU
		{A9637EBC-A65C-4C66-B7F4-24F6C64A1C37}.Ad-Hoc|x86.Build.0 = Release|Any CPU
		{A9637EBC-A65C-4C66-B7F4-24F6C64A1C37}.Ad-Hoc|x86.Deploy.0 = Release|Any CPU
		{A9637EBC-A65C-4C66-B7F4-24F6C64A1C37}.AppStore|Any CPU.ActiveCfg = Release|Any CPU
		{A9637EBC-A65C-4C66-B7F4-24F6C64A1C37}.AppStore|Any CPU.Build.0 = Release|Any CPU
		{A9637EBC-A65C-4C66-B7F4-24F6C64A1C37}.AppStore|Any CPU.Deploy.0 = Release|Any CPU
		{A9637EBC-A65C-4C66-B7F4-24F6C64A1C37}.AppStore|ARM.ActiveCfg = Release|Any CPU
		{A9637EBC-A65C-4C66-B7F4-24F6C64A1C37}.AppStore|ARM.Build.0 = Release|Any CPU
		{A9637EBC-A65C-4C66-B7F4-24F6C64A1C37}.AppStore|ARM.Deploy.0 = Release|Any CPU
		{A9637EBC-A65C-4C66-B7F4-24F6C64A1C37}.AppStore|iPhone.ActiveCfg = Release|Any CPU
		{A9637EBC-A65C-4C66-B7F4-24F6C64A1C37}.AppStore|iPhone.Build.0 = Release|Any CPU
		{A9637EBC-A65C-4C66-B7F4-24F6C64A1C37}.AppStore|iPhone.Deploy.0 = Release|Any CPU
		{A9637EBC-A65C-4C66-B7F4-24F6C64A1C37}.AppStore|iPhoneSimulator.ActiveCfg = Release|Any CPU
		{A9637EBC-A65C-4C66-B7F4-24F6C64A1C37}.AppStore|iPhoneSimulator.Build.0 = Release|Any CPU
		{A9637EBC-A65C-4C66-B7F4-24F6C64A1C37}.AppStore|iPhoneSimulator.Deploy.0 = Release|Any CPU
		{A9637EBC-A65C-4C66-B7F4-24F6C64A1C37}.AppStore|x64.ActiveCfg = Release|Any CPU
		{A9637EBC-A65C-4C66-B7F4-24F6C64A1C37}.AppStore|x64.Build.0 = Release|Any CPU
		{A9637EBC-A65C-4C66-B7F4-24F6C64A1C37}.AppStore|x64.Deploy.0 = Release|Any CPU
		{A9637EBC-A65C-4C66-B7F4-24F6C64A1C37}.AppStore|x86.ActiveCfg = Release|Any CPU
		{A9637EBC-A65C-4C66-B7F4-24F6C64A1C37}.AppStore|x86.Build.0 = Release|Any CPU
		{A9637EBC-A65C-4C66-B7F4-24F6C64A1C37}.AppStore|x86.Deploy.0 = Release|Any CPU
		{A9637EBC-A65C-4C66-B7F4-24F6C64A1C37}.Debug|Any CPU.ActiveCfg = Debug|Any CPU
		{A9637EBC-A65C-4C66-B7F4-24F6C64A1C37}.Debug|Any CPU.Build.0 = Debug|Any CPU
		{A9637EBC-A65C-4C66-B7F4-24F6C64A1C37}.Debug|Any CPU.Deploy.0 = Debug|Any CPU
		{A9637EBC-A65C-4C66-B7F4-24F6C64A1C37}.Debug|ARM.ActiveCfg = Debug|Any CPU
		{A9637EBC-A65C-4C66-B7F4-24F6C64A1C37}.Debug|ARM.Build.0 = Debug|Any CPU
		{A9637EBC-A65C-4C66-B7F4-24F6C64A1C37}.Debug|ARM.Deploy.0 = Debug|Any CPU
		{A9637EBC-A65C-4C66-B7F4-24F6C64A1C37}.Debug|iPhone.ActiveCfg = Debug|Any CPU
		{A9637EBC-A65C-4C66-B7F4-24F6C64A1C37}.Debug|iPhone.Build.0 = Debug|Any CPU
		{A9637EBC-A65C-4C66-B7F4-24F6C64A1C37}.Debug|iPhone.Deploy.0 = Debug|Any CPU
		{A9637EBC-A65C-4C66-B7F4-24F6C64A1C37}.Debug|iPhoneSimulator.ActiveCfg = Debug|Any CPU
		{A9637EBC-A65C-4C66-B7F4-24F6C64A1C37}.Debug|iPhoneSimulator.Build.0 = Debug|Any CPU
		{A9637EBC-A65C-4C66-B7F4-24F6C64A1C37}.Debug|iPhoneSimulator.Deploy.0 = Debug|Any CPU
		{A9637EBC-A65C-4C66-B7F4-24F6C64A1C37}.Debug|x64.ActiveCfg = Debug|Any CPU
		{A9637EBC-A65C-4C66-B7F4-24F6C64A1C37}.Debug|x64.Build.0 = Debug|Any CPU
		{A9637EBC-A65C-4C66-B7F4-24F6C64A1C37}.Debug|x64.Deploy.0 = Debug|Any CPU
		{A9637EBC-A65C-4C66-B7F4-24F6C64A1C37}.Debug|x86.ActiveCfg = Debug|Any CPU
		{A9637EBC-A65C-4C66-B7F4-24F6C64A1C37}.Debug|x86.Build.0 = Debug|Any CPU
		{A9637EBC-A65C-4C66-B7F4-24F6C64A1C37}.Debug|x86.Deploy.0 = Debug|Any CPU
		{A9637EBC-A65C-4C66-B7F4-24F6C64A1C37}.Release|Any CPU.ActiveCfg = Release|Any CPU
		{A9637EBC-A65C-4C66-B7F4-24F6C64A1C37}.Release|Any CPU.Build.0 = Release|Any CPU
		{A9637EBC-A65C-4C66-B7F4-24F6C64A1C37}.Release|Any CPU.Deploy.0 = Release|Any CPU
		{A9637EBC-A65C-4C66-B7F4-24F6C64A1C37}.Release|ARM.ActiveCfg = Release|Any CPU
		{A9637EBC-A65C-4C66-B7F4-24F6C64A1C37}.Release|ARM.Build.0 = Release|Any CPU
		{A9637EBC-A65C-4C66-B7F4-24F6C64A1C37}.Release|ARM.Deploy.0 = Release|Any CPU
		{A9637EBC-A65C-4C66-B7F4-24F6C64A1C37}.Release|iPhone.ActiveCfg = Release|Any CPU
		{A9637EBC-A65C-4C66-B7F4-24F6C64A1C37}.Release|iPhone.Build.0 = Release|Any CPU
		{A9637EBC-A65C-4C66-B7F4-24F6C64A1C37}.Release|iPhone.Deploy.0 = Release|Any CPU
		{A9637EBC-A65C-4C66-B7F4-24F6C64A1C37}.Release|iPhoneSimulator.ActiveCfg = Release|Any CPU
		{A9637EBC-A65C-4C66-B7F4-24F6C64A1C37}.Release|iPhoneSimulator.Build.0 = Release|Any CPU
		{A9637EBC-A65C-4C66-B7F4-24F6C64A1C37}.Release|iPhoneSimulator.Deploy.0 = Release|Any CPU
		{A9637EBC-A65C-4C66-B7F4-24F6C64A1C37}.Release|x64.ActiveCfg = Release|Any CPU
		{A9637EBC-A65C-4C66-B7F4-24F6C64A1C37}.Release|x64.Build.0 = Release|Any CPU
		{A9637EBC-A65C-4C66-B7F4-24F6C64A1C37}.Release|x64.Deploy.0 = Release|Any CPU
		{A9637EBC-A65C-4C66-B7F4-24F6C64A1C37}.Release|x86.ActiveCfg = Release|Any CPU
		{A9637EBC-A65C-4C66-B7F4-24F6C64A1C37}.Release|x86.Build.0 = Release|Any CPU
		{A9637EBC-A65C-4C66-B7F4-24F6C64A1C37}.Release|x86.Deploy.0 = Release|Any CPU
		{9256E4B5-5DEA-4F53-9AAC-967B4E55509B}.Ad-Hoc|Any CPU.ActiveCfg = Ad-Hoc|iPhone
		{9256E4B5-5DEA-4F53-9AAC-967B4E55509B}.Ad-Hoc|ARM.ActiveCfg = Ad-Hoc|iPhone
		{9256E4B5-5DEA-4F53-9AAC-967B4E55509B}.Ad-Hoc|iPhone.ActiveCfg = Ad-Hoc|iPhone
		{9256E4B5-5DEA-4F53-9AAC-967B4E55509B}.Ad-Hoc|iPhone.Build.0 = Ad-Hoc|iPhone
		{9256E4B5-5DEA-4F53-9AAC-967B4E55509B}.Ad-Hoc|iPhoneSimulator.ActiveCfg = Ad-Hoc|iPhoneSimulator
		{9256E4B5-5DEA-4F53-9AAC-967B4E55509B}.Ad-Hoc|iPhoneSimulator.Build.0 = Ad-Hoc|iPhoneSimulator
		{9256E4B5-5DEA-4F53-9AAC-967B4E55509B}.Ad-Hoc|x64.ActiveCfg = Ad-Hoc|iPhone
		{9256E4B5-5DEA-4F53-9AAC-967B4E55509B}.Ad-Hoc|x86.ActiveCfg = Ad-Hoc|iPhone
		{9256E4B5-5DEA-4F53-9AAC-967B4E55509B}.AppStore|Any CPU.ActiveCfg = AppStore|iPhone
		{9256E4B5-5DEA-4F53-9AAC-967B4E55509B}.AppStore|ARM.ActiveCfg = AppStore|iPhone
		{9256E4B5-5DEA-4F53-9AAC-967B4E55509B}.AppStore|iPhone.ActiveCfg = AppStore|iPhone
		{9256E4B5-5DEA-4F53-9AAC-967B4E55509B}.AppStore|iPhone.Build.0 = AppStore|iPhone
		{9256E4B5-5DEA-4F53-9AAC-967B4E55509B}.AppStore|iPhoneSimulator.ActiveCfg = AppStore|iPhoneSimulator
		{9256E4B5-5DEA-4F53-9AAC-967B4E55509B}.AppStore|iPhoneSimulator.Build.0 = AppStore|iPhoneSimulator
		{9256E4B5-5DEA-4F53-9AAC-967B4E55509B}.AppStore|x64.ActiveCfg = AppStore|iPhone
		{9256E4B5-5DEA-4F53-9AAC-967B4E55509B}.AppStore|x86.ActiveCfg = AppStore|iPhone
		{9256E4B5-5DEA-4F53-9AAC-967B4E55509B}.Debug|Any CPU.ActiveCfg = Debug|iPhone
		{9256E4B5-5DEA-4F53-9AAC-967B4E55509B}.Debug|ARM.ActiveCfg = Debug|iPhone
		{9256E4B5-5DEA-4F53-9AAC-967B4E55509B}.Debug|iPhone.ActiveCfg = Debug|iPhone
		{9256E4B5-5DEA-4F53-9AAC-967B4E55509B}.Debug|iPhone.Build.0 = Debug|iPhone
		{9256E4B5-5DEA-4F53-9AAC-967B4E55509B}.Debug|iPhoneSimulator.ActiveCfg = Debug|iPhoneSimulator
		{9256E4B5-5DEA-4F53-9AAC-967B4E55509B}.Debug|iPhoneSimulator.Build.0 = Debug|iPhoneSimulator
		{9256E4B5-5DEA-4F53-9AAC-967B4E55509B}.Debug|x64.ActiveCfg = Debug|iPhone
		{9256E4B5-5DEA-4F53-9AAC-967B4E55509B}.Debug|x86.ActiveCfg = Debug|iPhone
		{9256E4B5-5DEA-4F53-9AAC-967B4E55509B}.Release|Any CPU.ActiveCfg = Release|iPhone
		{9256E4B5-5DEA-4F53-9AAC-967B4E55509B}.Release|ARM.ActiveCfg = Release|iPhone
		{9256E4B5-5DEA-4F53-9AAC-967B4E55509B}.Release|iPhone.ActiveCfg = Release|iPhone
		{9256E4B5-5DEA-4F53-9AAC-967B4E55509B}.Release|iPhone.Build.0 = Release|iPhone
		{9256E4B5-5DEA-4F53-9AAC-967B4E55509B}.Release|iPhoneSimulator.ActiveCfg = Release|iPhoneSimulator
		{9256E4B5-5DEA-4F53-9AAC-967B4E55509B}.Release|iPhoneSimulator.Build.0 = Release|iPhoneSimulator
		{9256E4B5-5DEA-4F53-9AAC-967B4E55509B}.Release|x64.ActiveCfg = Release|iPhone
		{9256E4B5-5DEA-4F53-9AAC-967B4E55509B}.Release|x86.ActiveCfg = Release|iPhone
		{AC1B60C8-9DAB-4AD6-B2C9-E651082346A5}.Ad-Hoc|Any CPU.ActiveCfg = Release|x86
		{AC1B60C8-9DAB-4AD6-B2C9-E651082346A5}.Ad-Hoc|Any CPU.Build.0 = Release|x86
		{AC1B60C8-9DAB-4AD6-B2C9-E651082346A5}.Ad-Hoc|Any CPU.Deploy.0 = Release|x86
		{AC1B60C8-9DAB-4AD6-B2C9-E651082346A5}.Ad-Hoc|ARM.ActiveCfg = Release|ARM
		{AC1B60C8-9DAB-4AD6-B2C9-E651082346A5}.Ad-Hoc|ARM.Build.0 = Release|ARM
		{AC1B60C8-9DAB-4AD6-B2C9-E651082346A5}.Ad-Hoc|ARM.Deploy.0 = Release|ARM
		{AC1B60C8-9DAB-4AD6-B2C9-E651082346A5}.Ad-Hoc|iPhone.ActiveCfg = Release|x86
		{AC1B60C8-9DAB-4AD6-B2C9-E651082346A5}.Ad-Hoc|iPhone.Build.0 = Release|x86
		{AC1B60C8-9DAB-4AD6-B2C9-E651082346A5}.Ad-Hoc|iPhone.Deploy.0 = Release|x86
		{AC1B60C8-9DAB-4AD6-B2C9-E651082346A5}.Ad-Hoc|iPhoneSimulator.ActiveCfg = Release|x86
		{AC1B60C8-9DAB-4AD6-B2C9-E651082346A5}.Ad-Hoc|iPhoneSimulator.Build.0 = Release|x86
		{AC1B60C8-9DAB-4AD6-B2C9-E651082346A5}.Ad-Hoc|iPhoneSimulator.Deploy.0 = Release|x86
		{AC1B60C8-9DAB-4AD6-B2C9-E651082346A5}.Ad-Hoc|x64.ActiveCfg = Release|x64
		{AC1B60C8-9DAB-4AD6-B2C9-E651082346A5}.Ad-Hoc|x64.Build.0 = Release|x64
		{AC1B60C8-9DAB-4AD6-B2C9-E651082346A5}.Ad-Hoc|x64.Deploy.0 = Release|x64
		{AC1B60C8-9DAB-4AD6-B2C9-E651082346A5}.Ad-Hoc|x86.ActiveCfg = Release|x86
		{AC1B60C8-9DAB-4AD6-B2C9-E651082346A5}.Ad-Hoc|x86.Build.0 = Release|x86
		{AC1B60C8-9DAB-4AD6-B2C9-E651082346A5}.Ad-Hoc|x86.Deploy.0 = Release|x86
		{AC1B60C8-9DAB-4AD6-B2C9-E651082346A5}.AppStore|Any CPU.ActiveCfg = Release|x86
		{AC1B60C8-9DAB-4AD6-B2C9-E651082346A5}.AppStore|Any CPU.Build.0 = Release|x86
		{AC1B60C8-9DAB-4AD6-B2C9-E651082346A5}.AppStore|Any CPU.Deploy.0 = Release|x86
		{AC1B60C8-9DAB-4AD6-B2C9-E651082346A5}.AppStore|ARM.ActiveCfg = Release|ARM
		{AC1B60C8-9DAB-4AD6-B2C9-E651082346A5}.AppStore|ARM.Build.0 = Release|ARM
		{AC1B60C8-9DAB-4AD6-B2C9-E651082346A5}.AppStore|ARM.Deploy.0 = Release|ARM
		{AC1B60C8-9DAB-4AD6-B2C9-E651082346A5}.AppStore|iPhone.ActiveCfg = Release|x86
		{AC1B60C8-9DAB-4AD6-B2C9-E651082346A5}.AppStore|iPhone.Build.0 = Release|x86
		{AC1B60C8-9DAB-4AD6-B2C9-E651082346A5}.AppStore|iPhone.Deploy.0 = Release|x86
		{AC1B60C8-9DAB-4AD6-B2C9-E651082346A5}.AppStore|iPhoneSimulator.ActiveCfg = Release|x86
		{AC1B60C8-9DAB-4AD6-B2C9-E651082346A5}.AppStore|iPhoneSimulator.Build.0 = Release|x86
		{AC1B60C8-9DAB-4AD6-B2C9-E651082346A5}.AppStore|iPhoneSimulator.Deploy.0 = Release|x86
		{AC1B60C8-9DAB-4AD6-B2C9-E651082346A5}.AppStore|x64.ActiveCfg = Release|x64
		{AC1B60C8-9DAB-4AD6-B2C9-E651082346A5}.AppStore|x64.Build.0 = Release|x64
		{AC1B60C8-9DAB-4AD6-B2C9-E651082346A5}.AppStore|x64.Deploy.0 = Release|x64
		{AC1B60C8-9DAB-4AD6-B2C9-E651082346A5}.AppStore|x86.ActiveCfg = Release|x86
		{AC1B60C8-9DAB-4AD6-B2C9-E651082346A5}.AppStore|x86.Build.0 = Release|x86
		{AC1B60C8-9DAB-4AD6-B2C9-E651082346A5}.AppStore|x86.Deploy.0 = Release|x86
		{AC1B60C8-9DAB-4AD6-B2C9-E651082346A5}.Debug|Any CPU.ActiveCfg = Debug|x86
		{AC1B60C8-9DAB-4AD6-B2C9-E651082346A5}.Debug|ARM.ActiveCfg = Debug|ARM
		{AC1B60C8-9DAB-4AD6-B2C9-E651082346A5}.Debug|ARM.Build.0 = Debug|ARM
		{AC1B60C8-9DAB-4AD6-B2C9-E651082346A5}.Debug|ARM.Deploy.0 = Debug|ARM
		{AC1B60C8-9DAB-4AD6-B2C9-E651082346A5}.Debug|iPhone.ActiveCfg = Debug|x86
		{AC1B60C8-9DAB-4AD6-B2C9-E651082346A5}.Debug|iPhoneSimulator.ActiveCfg = Debug|x86
		{AC1B60C8-9DAB-4AD6-B2C9-E651082346A5}.Debug|x64.ActiveCfg = Debug|x64
		{AC1B60C8-9DAB-4AD6-B2C9-E651082346A5}.Debug|x64.Build.0 = Debug|x64
		{AC1B60C8-9DAB-4AD6-B2C9-E651082346A5}.Debug|x64.Deploy.0 = Debug|x64
		{AC1B60C8-9DAB-4AD6-B2C9-E651082346A5}.Debug|x86.ActiveCfg = Debug|x86
		{AC1B60C8-9DAB-4AD6-B2C9-E651082346A5}.Debug|x86.Build.0 = Debug|x86
		{AC1B60C8-9DAB-4AD6-B2C9-E651082346A5}.Debug|x86.Deploy.0 = Debug|x86
		{AC1B60C8-9DAB-4AD6-B2C9-E651082346A5}.Release|Any CPU.ActiveCfg = Release|x86
		{AC1B60C8-9DAB-4AD6-B2C9-E651082346A5}.Release|ARM.ActiveCfg = Release|ARM
		{AC1B60C8-9DAB-4AD6-B2C9-E651082346A5}.Release|ARM.Build.0 = Release|ARM
		{AC1B60C8-9DAB-4AD6-B2C9-E651082346A5}.Release|ARM.Deploy.0 = Release|ARM
		{AC1B60C8-9DAB-4AD6-B2C9-E651082346A5}.Release|iPhone.ActiveCfg = Release|x86
		{AC1B60C8-9DAB-4AD6-B2C9-E651082346A5}.Release|iPhoneSimulator.ActiveCfg = Release|x86
		{AC1B60C8-9DAB-4AD6-B2C9-E651082346A5}.Release|x64.ActiveCfg = Release|x64
		{AC1B60C8-9DAB-4AD6-B2C9-E651082346A5}.Release|x64.Build.0 = Release|x64
		{AC1B60C8-9DAB-4AD6-B2C9-E651082346A5}.Release|x64.Deploy.0 = Release|x64
		{AC1B60C8-9DAB-4AD6-B2C9-E651082346A5}.Release|x86.ActiveCfg = Release|x86
		{AC1B60C8-9DAB-4AD6-B2C9-E651082346A5}.Release|x86.Build.0 = Release|x86
		{AC1B60C8-9DAB-4AD6-B2C9-E651082346A5}.Release|x86.Deploy.0 = Release|x86
	EndGlobalSection
	GlobalSection(SolutionProperties) = preSolution
		HideSolutionNode = FALSE
	EndGlobalSection
	GlobalSection(ExtensibilityGlobals) = postSolution
		SolutionGuid = {00A0CA9E-96BF-4DBF-A0C9-C9CD825DD414}
	EndGlobalSection
EndGlobal
